
Microsoft Visual Studio Solution File, Format Version 12.00
# Visual Studio Version 16
VisualStudioVersion = 16.0.29905.134
MinimumVisualStudioVersion = 10.0.40219.1
Project("{FAE04EC0-301F-11D3-BF4B-00C04F79EFBC}") = "XM.ID.Invitations.Net", "XM.ID.Invitations.Net\XM.ID.Invitations.Net.csproj", "{08AA2ABA-1F5B-47D9-A9C1-3D65A56DCAA7}"
EndProject
Global
	GlobalSection(SolutionConfigurationPlatforms) = preSolution
		Debug|Any CPU = Debug|Any CPU
		Release|Any CPU = Release|Any CPU
	EndGlobalSection
	GlobalSection(ProjectConfigurationPlatforms) = postSolution
		{08AA2ABA-1F5B-47D9-A9C1-3D65A56DCAA7}.Debug|Any CPU.ActiveCfg = Debug|Any CPU
		{08AA2ABA-1F5B-47D9-A9C1-3D65A56DCAA7}.Debug|Any CPU.Build.0 = Debug|Any CPU
		{08AA2ABA-1F5B-47D9-A9C1-3D65A56DCAA7}.Release|Any CPU.ActiveCfg = Release|Any CPU
		{08AA2ABA-1F5B-47D9-A9C1-3D65A56DCAA7}.Release|Any CPU.Build.0 = Release|Any CPU
	EndGlobalSection
	GlobalSection(SolutionProperties) = preSolution
		HideSolutionNode = FALSE
	EndGlobalSection
	GlobalSection(ExtensibilityGlobals) = postSolution
		SolutionGuid = {BA4295C6-4D02-4638-A661-4385FB7FEA08}
	EndGlobalSection
EndGlobal
